# generated by rye
# use `rye lock` or `rye sync` to update this lockfile
#
# last locked with the following flags:
#   pre: false
#   features: []
#   all-features: false
#   with-sources: false
#   generate-hashes: false
#   universal: false

-e file:.
greenlet==3.2.2
    # via sqlalchemy
jinja2==3.1.6
    # via middle-wares
markupsafe==3.0.2
    # via jinja2
ruff==0.11.9
sqlalchemy==2.0.41
    # via middle-wares
typing-extensions==4.13.2
    # via sqlalchemy
waitress==3.0.2
    # via middle-wares
